
Microsoft Visual Studio Solution File, Format Version 12.00
# Visual Studio 15
VisualStudioVersion = 15.0.27703.2035
MinimumVisualStudioVersion = 10.0.40219.1
Project("{FAE04EC0-301F-11D3-BF4B-00C04F79EFBC}") = "epam1", "epam1\epam1.csproj", "{822C4554-D1B5-4D56-AC81-9ACA2F7FCFA3}"
EndProject
Global
	GlobalSection(SolutionConfigurationPlatforms) = preSolution
		Debug|Any CPU = Debug|Any CPU
		Release|Any CPU = Release|Any CPU
	EndGlobalSection
	GlobalSection(ProjectConfigurationPlatforms) = postSolution
		{822C4554-D1B5-4D56-AC81-9ACA2F7FCFA3}.Debug|Any CPU.ActiveCfg = Debug|Any CPU
		{822C4554-D1B5-4D56-AC81-9ACA2F7FCFA3}.Debug|Any CPU.Build.0 = Debug|Any CPU
		{822C4554-D1B5-4D56-AC81-9ACA2F7FCFA3}.Release|Any CPU.ActiveCfg = Release|Any CPU
		{822C4554-D1B5-4D56-AC81-9ACA2F7FCFA3}.Release|Any CPU.Build.0 = Release|Any CPU
	EndGlobalSection
	GlobalSection(SolutionProperties) = preSolution
		HideSolutionNode = FALSE
	EndGlobalSection
	GlobalSection(ExtensibilityGlobals) = postSolution
		SolutionGuid = {4E0ECDF8-9A37-432B-9E2F-D22F08A8BA4B}
	EndGlobalSection
EndGlobal
